// !$*UTF8*$!
{
	archiveVersion = 1;
	classes = {
	};
	objectVersion = 46;
	objects = {

/* Begin PBXBuildFile section */
		D72546681E7EB25C00E8E6FE /* AppDelegate.swift in Sources */ = {isa = PBXBuildFile; fileRef = D72546671E7EB25C00E8E6FE /* AppDelegate.swift */; };
		D725466F1E7EB25C00E8E6FE /* Assets.xcassets in Resources */ = {isa = PBXBuildFile; fileRef = D725466E1E7EB25C00E8E6FE /* Assets.xcassets */; };
		D725467F1E7ECB9F00E8E6FE /* Prefix.swift in Sources */ = {isa = PBXBuildFile; fileRef = D725467E1E7ECB9F00E8E6FE /* Prefix.swift */; };
		D725468A1E7EDC0F00E8E6FE /* TodayViewController.swift in Sources */ = {isa = PBXBuildFile; fileRef = D72546891E7EDC0F00E8E6FE /* TodayViewController.swift */; };
		D72546911E7EDC0F00E8E6FE /* TodayRoutine.appex in Embed App Extensions */ = {isa = PBXBuildFile; fileRef = D72546841E7EDC0F00E8E6FE /* TodayRoutine.appex */; settings = {ATTRIBUTES = (RemoveHeadersOnCopy, ); }; };
		D750B6601E8411A500941AB4 /* MainViewController.swift in Sources */ = {isa = PBXBuildFile; fileRef = D750B65F1E8411A500941AB4 /* MainViewController.swift */; };
		D750B6621E8412DC00941AB4 /* MainTableViewCell.swift in Sources */ = {isa = PBXBuildFile; fileRef = D750B6611E8412DC00941AB4 /* MainTableViewCell.swift */; };
		D750B6641E8416FF00941AB4 /* RoutineWeekday.swift in Sources */ = {isa = PBXBuildFile; fileRef = D750B6631E8416FF00941AB4 /* RoutineWeekday.swift */; };
		D750B6681E84271A00941AB4 /* WeekdayViewController.swift in Sources */ = {isa = PBXBuildFile; fileRef = D750B6671E84271A00941AB4 /* WeekdayViewController.swift */; };
		D750B66A1E84287E00941AB4 /* MainViewControllerAnimator.swift in Sources */ = {isa = PBXBuildFile; fileRef = D750B6691E84287E00941AB4 /* MainViewControllerAnimator.swift */; };
		D77CB6441E80306B00CD242E /* RoutineEditViewController.swift in Sources */ = {isa = PBXBuildFile; fileRef = D77CB6431E80306B00CD242E /* RoutineEditViewController.swift */; };
		D77CB6461E8030BC00CD242E /* HomeViewController.swift in Sources */ = {isa = PBXBuildFile; fileRef = D77CB6451E8030BC00CD242E /* HomeViewController.swift */; };
		D77F8D2A1E7EE340006577A6 /* NotificationCenter.framework in Frameworks */ = {isa = PBXBuildFile; fileRef = D72546861E7EDC0F00E8E6FE /* NotificationCenter.framework */; };
		D798454C1E86349D00A34C36 /* MainTableView.swift in Sources */ = {isa = PBXBuildFile; fileRef = D798454B1E86349D00A34C36 /* MainTableView.swift */; };
		D798454E1E864C0E00A34C36 /* WeekdayTextTableViewCell.swift in Sources */ = {isa = PBXBuildFile; fileRef = D798454D1E864C0E00A34C36 /* WeekdayTextTableViewCell.swift */; };
		D79845501E864FC300A34C36 /* WeekdayColorTableViewCell.swift in Sources */ = {isa = PBXBuildFile; fileRef = D798454F1E864FC300A34C36 /* WeekdayColorTableViewCell.swift */; };
		D79845521E86506B00A34C36 /* WeekdaySelectTableViewCell.swift in Sources */ = {isa = PBXBuildFile; fileRef = D79845511E86506B00A34C36 /* WeekdaySelectTableViewCell.swift */; };
		D79845561E86576000A34C36 /* WeekdayRoutineTableViewCell.swift in Sources */ = {isa = PBXBuildFile; fileRef = D79845551E86576000A34C36 /* WeekdayRoutineTableViewCell.swift */; };
		D7A3150A1E802CE300145249 /* Main.storyboard in Resources */ = {isa = PBXBuildFile; fileRef = D725466B1E7EB25C00E8E6FE /* Main.storyboard */; };
		D7A3150B1E802CE300145249 /* LaunchScreen.storyboard in Resources */ = {isa = PBXBuildFile; fileRef = D72546701E7EB25C00E8E6FE /* LaunchScreen.storyboard */; };
		D7DD96C81E86BCFB003BABAE /* WeekdayAddOneTableViewCell.swift in Sources */ = {isa = PBXBuildFile; fileRef = D7DD96C71E86BCFB003BABAE /* WeekdayAddOneTableViewCell.swift */; };
		D7DD96CC1E86C72A003BABAE /* WeekdayColorSelectView.swift in Sources */ = {isa = PBXBuildFile; fileRef = D7DD96CB1E86C72A003BABAE /* WeekdayColorSelectView.swift */; };
		D7DD96CE1E86D1E1003BABAE /* WeekdayColorSelectCollectionViewCell.swift in Sources */ = {isa = PBXBuildFile; fileRef = D7DD96CD1E86D1E1003BABAE /* WeekdayColorSelectCollectionViewCell.swift */; };
		F558761D1E84DC4700A4AB7F /* Routine.swift in Sources */ = {isa = PBXBuildFile; fileRef = F558761C1E84DC4700A4AB7F /* Routine.swift */; };
		F558761E1E84DC4700A4AB7F /* Routine.swift in Sources */ = {isa = PBXBuildFile; fileRef = F558761C1E84DC4700A4AB7F /* Routine.swift */; };
/* End PBXBuildFile section */

/* Begin PBXContainerItemProxy section */
		D725468F1E7EDC0F00E8E6FE /* PBXContainerItemProxy */ = {
			isa = PBXContainerItemProxy;
			containerPortal = D725465C1E7EB25C00E8E6FE /* Project object */;
			proxyType = 1;
			remoteGlobalIDString = D72546831E7EDC0F00E8E6FE;
			remoteInfo = TodayRoutine;
		};
/* End PBXContainerItemProxy section */

/* Begin PBXCopyFilesBuildPhase section */
		D72546951E7EDC0F00E8E6FE /* Embed App Extensions */ = {
			isa = PBXCopyFilesBuildPhase;
			buildActionMask = 2147483647;
			dstPath = "";
			dstSubfolderSpec = 13;
			files = (
				D72546911E7EDC0F00E8E6FE /* TodayRoutine.appex in Embed App Extensions */,
			);
			name = "Embed App Extensions";
			runOnlyForDeploymentPostprocessing = 0;
		};
/* End PBXCopyFilesBuildPhase section */

/* Begin PBXFileReference section */
		D72546641E7EB25C00E8E6FE /* Routine.app */ = {isa = PBXFileReference; explicitFileType = wrapper.application; includeInIndex = 0; path = Routine.app; sourceTree = BUILT_PRODUCTS_DIR; };
		D72546671E7EB25C00E8E6FE /* AppDelegate.swift */ = {isa = PBXFileReference; lastKnownFileType = sourcecode.swift; path = AppDelegate.swift; sourceTree = "<group>"; };
		D725466C1E7EB25C00E8E6FE /* Base */ = {isa = PBXFileReference; lastKnownFileType = file.storyboard; name = Base; path = Base.lproj/Main.storyboard; sourceTree = "<group>"; };
		D725466E1E7EB25C00E8E6FE /* Assets.xcassets */ = {isa = PBXFileReference; lastKnownFileType = folder.assetcatalog; path = Assets.xcassets; sourceTree = "<group>"; };
		D72546711E7EB25C00E8E6FE /* Base */ = {isa = PBXFileReference; lastKnownFileType = file.storyboard; name = Base; path = Base.lproj/LaunchScreen.storyboard; sourceTree = "<group>"; };
		D72546731E7EB25C00E8E6FE /* Info.plist */ = {isa = PBXFileReference; lastKnownFileType = text.plist.xml; path = Info.plist; sourceTree = "<group>"; };
		D725467E1E7ECB9F00E8E6FE /* Prefix.swift */ = {isa = PBXFileReference; fileEncoding = 4; lastKnownFileType = sourcecode.swift; path = Prefix.swift; sourceTree = "<group>"; };
		D72546841E7EDC0F00E8E6FE /* TodayRoutine.appex */ = {isa = PBXFileReference; explicitFileType = "wrapper.app-extension"; includeInIndex = 0; path = TodayRoutine.appex; sourceTree = BUILT_PRODUCTS_DIR; };
		D72546861E7EDC0F00E8E6FE /* NotificationCenter.framework */ = {isa = PBXFileReference; lastKnownFileType = wrapper.framework; name = NotificationCenter.framework; path = System/Library/Frameworks/NotificationCenter.framework; sourceTree = SDKROOT; };
		D72546891E7EDC0F00E8E6FE /* TodayViewController.swift */ = {isa = PBXFileReference; lastKnownFileType = sourcecode.swift; path = TodayViewController.swift; sourceTree = "<group>"; };
		D725468E1E7EDC0F00E8E6FE /* Info.plist */ = {isa = PBXFileReference; lastKnownFileType = text.plist.xml; path = Info.plist; sourceTree = "<group>"; };
		D750B65F1E8411A500941AB4 /* MainViewController.swift */ = {isa = PBXFileReference; fileEncoding = 4; lastKnownFileType = sourcecode.swift; path = MainViewController.swift; sourceTree = "<group>"; };
		D750B6611E8412DC00941AB4 /* MainTableViewCell.swift */ = {isa = PBXFileReference; fileEncoding = 4; lastKnownFileType = sourcecode.swift; path = MainTableViewCell.swift; sourceTree = "<group>"; };
		D750B6631E8416FF00941AB4 /* RoutineWeekday.swift */ = {isa = PBXFileReference; fileEncoding = 4; lastKnownFileType = sourcecode.swift; path = RoutineWeekday.swift; sourceTree = "<group>"; };
		D750B6671E84271A00941AB4 /* WeekdayViewController.swift */ = {isa = PBXFileReference; fileEncoding = 4; lastKnownFileType = sourcecode.swift; path = WeekdayViewController.swift; sourceTree = "<group>"; };
		D750B6691E84287E00941AB4 /* MainViewControllerAnimator.swift */ = {isa = PBXFileReference; fileEncoding = 4; lastKnownFileType = sourcecode.swift; path = MainViewControllerAnimator.swift; sourceTree = "<group>"; };
		D77CB6431E80306B00CD242E /* RoutineEditViewController.swift */ = {isa = PBXFileReference; fileEncoding = 4; lastKnownFileType = sourcecode.swift; path = RoutineEditViewController.swift; sourceTree = "<group>"; };
		D77CB6451E8030BC00CD242E /* HomeViewController.swift */ = {isa = PBXFileReference; fileEncoding = 4; lastKnownFileType = sourcecode.swift; path = HomeViewController.swift; sourceTree = "<group>"; };
		D77F8D2B1E7EE367006577A6 /* UIKit.framework */ = {isa = PBXFileReference; lastKnownFileType = wrapper.framework; name = UIKit.framework; path = System/Library/Frameworks/UIKit.framework; sourceTree = SDKROOT; };
		D77F8D2D1E7EE44A006577A6 /* Routine.entitlements */ = {isa = PBXFileReference; lastKnownFileType = text.plist.entitlements; path = Routine.entitlements; sourceTree = "<group>"; };
		D77F8D2E1E7EE4BE006577A6 /* TodayRoutine.entitlements */ = {isa = PBXFileReference; lastKnownFileType = text.plist.entitlements; path = TodayRoutine.entitlements; sourceTree = "<group>"; };
		D798454B1E86349D00A34C36 /* MainTableView.swift */ = {isa = PBXFileReference; fileEncoding = 4; lastKnownFileType = sourcecode.swift; path = MainTableView.swift; sourceTree = "<group>"; };
		D798454D1E864C0E00A34C36 /* WeekdayTextTableViewCell.swift */ = {isa = PBXFileReference; fileEncoding = 4; lastKnownFileType = sourcecode.swift; path = WeekdayTextTableViewCell.swift; sourceTree = "<group>"; };
		D798454F1E864FC300A34C36 /* WeekdayColorTableViewCell.swift */ = {isa = PBXFileReference; fileEncoding = 4; lastKnownFileType = sourcecode.swift; path = WeekdayColorTableViewCell.swift; sourceTree = "<group>"; };
		D79845511E86506B00A34C36 /* WeekdaySelectTableViewCell.swift */ = {isa = PBXFileReference; fileEncoding = 4; lastKnownFileType = sourcecode.swift; path = WeekdaySelectTableViewCell.swift; sourceTree = "<group>"; };
		D79845551E86576000A34C36 /* WeekdayRoutineTableViewCell.swift */ = {isa = PBXFileReference; fileEncoding = 4; lastKnownFileType = sourcecode.swift; path = WeekdayRoutineTableViewCell.swift; sourceTree = "<group>"; };
		D7DD96C71E86BCFB003BABAE /* WeekdayAddOneTableViewCell.swift */ = {isa = PBXFileReference; fileEncoding = 4; lastKnownFileType = sourcecode.swift; path = WeekdayAddOneTableViewCell.swift; sourceTree = "<group>"; };
		D7DD96CB1E86C72A003BABAE /* WeekdayColorSelectView.swift */ = {isa = PBXFileReference; fileEncoding = 4; lastKnownFileType = sourcecode.swift; path = WeekdayColorSelectView.swift; sourceTree = "<group>"; };
		D7DD96CD1E86D1E1003BABAE /* WeekdayColorSelectCollectionViewCell.swift */ = {isa = PBXFileReference; fileEncoding = 4; lastKnownFileType = sourcecode.swift; path = WeekdayColorSelectCollectionViewCell.swift; sourceTree = "<group>"; };
		F558761C1E84DC4700A4AB7F /* Routine.swift */ = {isa = PBXFileReference; fileEncoding = 4; lastKnownFileType = sourcecode.swift; path = Routine.swift; sourceTree = "<group>"; };
/* End PBXFileReference section */

/* Begin PBXFrameworksBuildPhase section */
		D72546611E7EB25C00E8E6FE /* Frameworks */ = {
			isa = PBXFrameworksBuildPhase;
			buildActionMask = 2147483647;
			files = (
			);
			runOnlyForDeploymentPostprocessing = 0;
		};
		D72546811E7EDC0F00E8E6FE /* Frameworks */ = {
			isa = PBXFrameworksBuildPhase;
			buildActionMask = 2147483647;
			files = (
				D77F8D2A1E7EE340006577A6 /* NotificationCenter.framework in Frameworks */,
			);
			runOnlyForDeploymentPostprocessing = 0;
		};
/* End PBXFrameworksBuildPhase section */

/* Begin PBXGroup section */
		D725465B1E7EB25C00E8E6FE = {
			isa = PBXGroup;
			children = (
				D72546661E7EB25C00E8E6FE /* Routine */,
				D72546881E7EDC0F00E8E6FE /* TodayRoutine */,
				D72546851E7EDC0F00E8E6FE /* Frameworks */,
				D72546651E7EB25C00E8E6FE /* Products */,
			);
			sourceTree = "<group>";
		};
		D72546651E7EB25C00E8E6FE /* Products */ = {
			isa = PBXGroup;
			children = (
				D72546641E7EB25C00E8E6FE /* Routine.app */,
				D72546841E7EDC0F00E8E6FE /* TodayRoutine.appex */,
			);
			name = Products;
			sourceTree = "<group>";
		};
		D72546661E7EB25C00E8E6FE /* Routine */ = {
			isa = PBXGroup;
			children = (
				D77F8D2D1E7EE44A006577A6 /* Routine.entitlements */,
				D72546671E7EB25C00E8E6FE /* AppDelegate.swift */,
				D750B65F1E8411A500941AB4 /* MainViewController.swift */,
				D750B6611E8412DC00941AB4 /* MainTableViewCell.swift */,
				D750B6691E84287E00941AB4 /* MainViewControllerAnimator.swift */,
				D750B6671E84271A00941AB4 /* WeekdayViewController.swift */,
				D798454D1E864C0E00A34C36 /* WeekdayTextTableViewCell.swift */,
				D798454F1E864FC300A34C36 /* WeekdayColorTableViewCell.swift */,
				D79845511E86506B00A34C36 /* WeekdaySelectTableViewCell.swift */,
				D79845551E86576000A34C36 /* WeekdayRoutineTableViewCell.swift */,
				D7DD96C71E86BCFB003BABAE /* WeekdayAddOneTableViewCell.swift */,
				D7DD96CB1E86C72A003BABAE /* WeekdayColorSelectView.swift */,
				D7DD96CD1E86D1E1003BABAE /* WeekdayColorSelectCollectionViewCell.swift */,
				D77CB6431E80306B00CD242E /* RoutineEditViewController.swift */,
				D725466B1E7EB25C00E8E6FE /* Main.storyboard */,
				D72546701E7EB25C00E8E6FE /* LaunchScreen.storyboard */,
				D798454B1E86349D00A34C36 /* MainTableView.swift */,
				D725466E1E7EB25C00E8E6FE /* Assets.xcassets */,
				D77CB6451E8030BC00CD242E /* HomeViewController.swift */,
				D72546731E7EB25C00E8E6FE /* Info.plist */,
				D725467E1E7ECB9F00E8E6FE /* Prefix.swift */,
				D750B6631E8416FF00941AB4 /* RoutineWeekday.swift */,
				F558761C1E84DC4700A4AB7F /* Routine.swift */,
			);
			path = Routine;
			sourceTree = "<group>";
		};
		D72546851E7EDC0F00E8E6FE /* Frameworks */ = {
			isa = PBXGroup;
			children = (
				D77F8D2B1E7EE367006577A6 /* UIKit.framework */,
				D72546861E7EDC0F00E8E6FE /* NotificationCenter.framework */,
			);
			name = Frameworks;
			sourceTree = "<group>";
		};
		D72546881E7EDC0F00E8E6FE /* TodayRoutine */ = {
			isa = PBXGroup;
			children = (
				D77F8D2E1E7EE4BE006577A6 /* TodayRoutine.entitlements */,
				D72546891E7EDC0F00E8E6FE /* TodayViewController.swift */,
				D725468E1E7EDC0F00E8E6FE /* Info.plist */,
			);
			path = TodayRoutine;
			sourceTree = "<group>";
		};
/* End PBXGroup section */

/* Begin PBXNativeTarget section */
		D72546631E7EB25C00E8E6FE /* Routine */ = {
			isa = PBXNativeTarget;
			buildConfigurationList = D72546761E7EB25C00E8E6FE /* Build configuration list for PBXNativeTarget "Routine" */;
			buildPhases = (
				D72546601E7EB25C00E8E6FE /* Sources */,
				D72546611E7EB25C00E8E6FE /* Frameworks */,
				D72546621E7EB25C00E8E6FE /* Resources */,
				D72546951E7EDC0F00E8E6FE /* Embed App Extensions */,
			);
			buildRules = (
			);
			dependencies = (
				D72546901E7EDC0F00E8E6FE /* PBXTargetDependency */,
			);
			name = Routine;
			productName = Routine;
			productReference = D72546641E7EB25C00E8E6FE /* Routine.app */;
			productType = "com.apple.product-type.application";
		};
		D72546831E7EDC0F00E8E6FE /* TodayRoutine */ = {
			isa = PBXNativeTarget;
			buildConfigurationList = D72546921E7EDC0F00E8E6FE /* Build configuration list for PBXNativeTarget "TodayRoutine" */;
			buildPhases = (
				D72546801E7EDC0F00E8E6FE /* Sources */,
				D72546811E7EDC0F00E8E6FE /* Frameworks */,
				D72546821E7EDC0F00E8E6FE /* Resources */,
			);
			buildRules = (
			);
			dependencies = (
			);
			name = TodayRoutine;
			productName = TodayRoutine;
			productReference = D72546841E7EDC0F00E8E6FE /* TodayRoutine.appex */;
			productType = "com.apple.product-type.app-extension";
		};
/* End PBXNativeTarget section */

/* Begin PBXProject section */
		D725465C1E7EB25C00E8E6FE /* Project object */ = {
			isa = PBXProject;
			attributes = {
				LastSwiftUpdateCheck = 0820;
				LastUpgradeCheck = 0820;
				ORGANIZATIONNAME = mesird;
				TargetAttributes = {
					D72546631E7EB25C00E8E6FE = {
						CreatedOnToolsVersion = 8.2.1;
						DevelopmentTeam = CYRHEAA262;
						ProvisioningStyle = Automatic;
						SystemCapabilities = {
							com.apple.ApplicationGroups.iOS = {
								enabled = 1;
							};
							com.apple.Push = {
								enabled = 1;
							};
						};
					};
					D72546831E7EDC0F00E8E6FE = {
						CreatedOnToolsVersion = 8.2.1;
						DevelopmentTeam = CYRHEAA262;
						ProvisioningStyle = Automatic;
						SystemCapabilities = {
							com.apple.ApplicationGroups.iOS = {
								enabled = 1;
							};
						};
					};
				};
			};
			buildConfigurationList = D725465F1E7EB25C00E8E6FE /* Build configuration list for PBXProject "Routine" */;
			compatibilityVersion = "Xcode 3.2";
			developmentRegion = English;
			hasScannedForEncodings = 0;
			knownRegions = (
				en,
				Base,
			);
			mainGroup = D725465B1E7EB25C00E8E6FE;
			productRefGroup = D72546651E7EB25C00E8E6FE /* Products */;
			projectDirPath = "";
			projectRoot = "";
			targets = (
				D72546631E7EB25C00E8E6FE /* Routine */,
				D72546831E7EDC0F00E8E6FE /* TodayRoutine */,
			);
		};
/* End PBXProject section */

/* Begin PBXResourcesBuildPhase section */
		D72546621E7EB25C00E8E6FE /* Resources */ = {
			isa = PBXResourcesBuildPhase;
			buildActionMask = 2147483647;
			files = (
				D7A3150A1E802CE300145249 /* Main.storyboard in Resources */,
				D7A3150B1E802CE300145249 /* LaunchScreen.storyboard in Resources */,
				D725466F1E7EB25C00E8E6FE /* Assets.xcassets in Resources */,
			);
			runOnlyForDeploymentPostprocessing = 0;
		};
		D72546821E7EDC0F00E8E6FE /* Resources */ = {
			isa = PBXResourcesBuildPhase;
			buildActionMask = 2147483647;
			files = (
			);
			runOnlyForDeploymentPostprocessing = 0;
		};
/* End PBXResourcesBuildPhase section */

/* Begin PBXSourcesBuildPhase section */
		D72546601E7EB25C00E8E6FE /* Sources */ = {
			isa = PBXSourcesBuildPhase;
			buildActionMask = 2147483647;
			files = (
				D79845521E86506B00A34C36 /* WeekdaySelectTableViewCell.swift in Sources */,
				F558761D1E84DC4700A4AB7F /* Routine.swift in Sources */,
				D725467F1E7ECB9F00E8E6FE /* Prefix.swift in Sources */,
				D7DD96CE1E86D1E1003BABAE /* WeekdayColorSelectCollectionViewCell.swift in Sources */,
				D77CB6461E8030BC00CD242E /* HomeViewController.swift in Sources */,
				D750B66A1E84287E00941AB4 /* MainViewControllerAnimator.swift in Sources */,
				D77CB6441E80306B00CD242E /* RoutineEditViewController.swift in Sources */,
				D72546681E7EB25C00E8E6FE /* AppDelegate.swift in Sources */,
				D798454C1E86349D00A34C36 /* MainTableView.swift in Sources */,
				D798454E1E864C0E00A34C36 /* WeekdayTextTableViewCell.swift in Sources */,
				D750B6621E8412DC00941AB4 /* MainTableViewCell.swift in Sources */,
				D7DD96C81E86BCFB003BABAE /* WeekdayAddOneTableViewCell.swift in Sources */,
				D750B6681E84271A00941AB4 /* WeekdayViewController.swift in Sources */,
				D7DD96CC1E86C72A003BABAE /* WeekdayColorSelectView.swift in Sources */,
				D750B6641E8416FF00941AB4 /* RoutineWeekday.swift in Sources */,
				D79845561E86576000A34C36 /* WeekdayRoutineTableViewCell.swift in Sources */,
				D750B6601E8411A500941AB4 /* MainViewController.swift in Sources */,
				D79845501E864FC300A34C36 /* WeekdayColorTableViewCell.swift in Sources */,
			);
			runOnlyForDeploymentPostprocessing = 0;
		};
		D72546801E7EDC0F00E8E6FE /* Sources */ = {
			isa = PBXSourcesBuildPhase;
			buildActionMask = 2147483647;
			files = (
				F558761E1E84DC4700A4AB7F /* Routine.swift in Sources */,
				D725468A1E7EDC0F00E8E6FE /* TodayViewController.swift in Sources */,
			);
			runOnlyForDeploymentPostprocessing = 0;
		};
/* End PBXSourcesBuildPhase section */

/* Begin PBXTargetDependency section */
		D72546901E7EDC0F00E8E6FE /* PBXTargetDependency */ = {
			isa = PBXTargetDependency;
			target = D72546831E7EDC0F00E8E6FE /* TodayRoutine */;
			targetProxy = D725468F1E7EDC0F00E8E6FE /* PBXContainerItemProxy */;
		};
/* End PBXTargetDependency section */

/* Begin PBXVariantGroup section */
		D725466B1E7EB25C00E8E6FE /* Main.storyboard */ = {
			isa = PBXVariantGroup;
			children = (
				D725466C1E7EB25C00E8E6FE /* Base */,
			);
			name = Main.storyboard;
			sourceTree = "<group>";
		};
		D72546701E7EB25C00E8E6FE /* LaunchScreen.storyboard */ = {
			isa = PBXVariantGroup;
			children = (
				D72546711E7EB25C00E8E6FE /* Base */,
			);
			name = LaunchScreen.storyboard;
			sourceTree = "<group>";
		};
/* End PBXVariantGroup section */

/* Begin XCBuildConfiguration section */
		D72546741E7EB25C00E8E6FE /* Debug */ = {
			isa = XCBuildConfiguration;
			buildSettings = {
				ALWAYS_SEARCH_USER_PATHS = NO;
				CLANG_ANALYZER_NONNULL = YES;
				CLANG_CXX_LANGUAGE_STANDARD = "gnu++0x";
				CLANG_CXX_LIBRARY = "libc++";
				CLANG_ENABLE_MODULES = YES;
				CLANG_ENABLE_OBJC_ARC = YES;
				CLANG_WARN_BOOL_CONVERSION = YES;
				CLANG_WARN_CONSTANT_CONVERSION = YES;
				CLANG_WARN_DIRECT_OBJC_ISA_USAGE = YES_ERROR;
				CLANG_WARN_DOCUMENTATION_COMMENTS = YES;
				CLANG_WARN_EMPTY_BODY = YES;
				CLANG_WARN_ENUM_CONVERSION = YES;
				CLANG_WARN_INFINITE_RECURSION = YES;
				CLANG_WARN_INT_CONVERSION = YES;
				CLANG_WARN_OBJC_ROOT_CLASS = YES_ERROR;
				CLANG_WARN_SUSPICIOUS_MOVE = YES;
				CLANG_WARN_UNREACHABLE_CODE = YES;
				CLANG_WARN__DUPLICATE_METHOD_MATCH = YES;
				"CODE_SIGN_IDENTITY[sdk=iphoneos*]" = "iPhone Developer";
				COPY_PHASE_STRIP = NO;
				DEBUG_INFORMATION_FORMAT = dwarf;
				ENABLE_STRICT_OBJC_MSGSEND = YES;
				ENABLE_TESTABILITY = YES;
				GCC_C_LANGUAGE_STANDARD = gnu99;
				GCC_DYNAMIC_NO_PIC = NO;
				GCC_NO_COMMON_BLOCKS = YES;
				GCC_OPTIMIZATION_LEVEL = 0;
				GCC_PREPROCESSOR_DEFINITIONS = (
					"DEBUG=1",
					"$(inherited)",
				);
				GCC_WARN_64_TO_32_BIT_CONVERSION = YES;
				GCC_WARN_ABOUT_RETURN_TYPE = YES_ERROR;
				GCC_WARN_UNDECLARED_SELECTOR = YES;
				GCC_WARN_UNINITIALIZED_AUTOS = YES_AGGRESSIVE;
				GCC_WARN_UNUSED_FUNCTION = YES;
				GCC_WARN_UNUSED_VARIABLE = YES;
				IPHONEOS_DEPLOYMENT_TARGET = 10.2;
				MTL_ENABLE_DEBUG_INFO = YES;
				ONLY_ACTIVE_ARCH = YES;
				SDKROOT = iphoneos;
				SWIFT_ACTIVE_COMPILATION_CONDITIONS = DEBUG;
				SWIFT_OPTIMIZATION_LEVEL = "-Onone";
			};
			name = Debug;
		};
		D72546751E7EB25C00E8E6FE /* Release */ = {
			isa = XCBuildConfiguration;
			buildSettings = {
				ALWAYS_SEARCH_USER_PATHS = NO;
				CLANG_ANALYZER_NONNULL = YES;
				CLANG_CXX_LANGUAGE_STANDARD = "gnu++0x";
				CLANG_CXX_LIBRARY = "libc++";
				CLANG_ENABLE_MODULES = YES;
				CLANG_ENABLE_OBJC_ARC = YES;
				CLANG_WARN_BOOL_CONVERSION = YES;
				CLANG_WARN_CONSTANT_CONVERSION = YES;
				CLANG_WARN_DIRECT_OBJC_ISA_USAGE = YES_ERROR;
				CLANG_WARN_DOCUMENTATION_COMMENTS = YES;
				CLANG_WARN_EMPTY_BODY = YES;
				CLANG_WARN_ENUM_CONVERSION = YES;
				CLANG_WARN_INFINITE_RECURSION = YES;
				CLANG_WARN_INT_CONVERSION = YES;
				CLANG_WARN_OBJC_ROOT_CLASS = YES_ERROR;
				CLANG_WARN_SUSPICIOUS_MOVE = YES;
				CLANG_WARN_UNREACHABLE_CODE = YES;
				CLANG_WARN__DUPLICATE_METHOD_MATCH = YES;
				"CODE_SIGN_IDENTITY[sdk=iphoneos*]" = "iPhone Developer";
				COPY_PHASE_STRIP = NO;
				DEBUG_INFORMATION_FORMAT = "dwarf-with-dsym";
				ENABLE_NS_ASSERTIONS = NO;
				ENABLE_STRICT_OBJC_MSGSEND = YES;
				GCC_C_LANGUAGE_STANDARD = gnu99;
				GCC_NO_COMMON_BLOCKS = YES;
				GCC_WARN_64_TO_32_BIT_CONVERSION = YES;
				GCC_WARN_ABOUT_RETURN_TYPE = YES_ERROR;
				GCC_WARN_UNDECLARED_SELECTOR = YES;
				GCC_WARN_UNINITIALIZED_AUTOS = YES_AGGRESSIVE;
				GCC_WARN_UNUSED_FUNCTION = YES;
				GCC_WARN_UNUSED_VARIABLE = YES;
				IPHONEOS_DEPLOYMENT_TARGET = 10.2;
				MTL_ENABLE_DEBUG_INFO = NO;
				SDKROOT = iphoneos;
				SWIFT_OPTIMIZATION_LEVEL = "-Owholemodule";
				VALIDATE_PRODUCT = YES;
			};
			name = Release;
		};
		D72546771E7EB25C00E8E6FE /* Debug */ = {
			isa = XCBuildConfiguration;
			buildSettings = {
				ALWAYS_EMBED_SWIFT_STANDARD_LIBRARIES = YES;
				ASSETCATALOG_COMPILER_APPICON_NAME = AppIcon;
				CODE_SIGN_ENTITLEMENTS = Routine/Routine.entitlements;
				DEVELOPMENT_TEAM = CYRHEAA262;
				FRAMEWORK_SEARCH_PATHS = (
					"$(inherited)",
					"$(PROJECT_DIR)/Routine",
					"$(PROJECT_DIR)",
				);
				GCC_PREFIX_HEADER = $SRCROOT/Routine/Prefix.swift;
				INFOPLIST_FILE = Routine/Info.plist;
				IPHONEOS_DEPLOYMENT_TARGET = 9.0;
				LD_RUNPATH_SEARCH_PATHS = "$(inherited) @executable_path/Frameworks";
				PRODUCT_BUNDLE_IDENTIFIER = com.mesird.Routine;
				PRODUCT_NAME = "$(TARGET_NAME)";
				SWIFT_VERSION = 3.0;
			};
			name = Debug;
		};
		D72546781E7EB25C00E8E6FE /* Release */ = {
			isa = XCBuildConfiguration;
			buildSettings = {
				ALWAYS_EMBED_SWIFT_STANDARD_LIBRARIES = YES;
				ASSETCATALOG_COMPILER_APPICON_NAME = AppIcon;
				CODE_SIGN_ENTITLEMENTS = Routine/Routine.entitlements;
				DEVELOPMENT_TEAM = CYRHEAA262;
				FRAMEWORK_SEARCH_PATHS = (
					"$(inherited)",
					"$(PROJECT_DIR)/Routine",
					"$(PROJECT_DIR)",
				);
				GCC_PREFIX_HEADER = $SRCROOT/Routine/Prefix.swift;
				INFOPLIST_FILE = Routine/Info.plist;
				IPHONEOS_DEPLOYMENT_TARGET = 9.0;
				LD_RUNPATH_SEARCH_PATHS = "$(inherited) @executable_path/Frameworks";
				PRODUCT_BUNDLE_IDENTIFIER = com.mesird.Routine;
				PRODUCT_NAME = "$(TARGET_NAME)";
				SWIFT_VERSION = 3.0;
			};
			name = Release;
		};
		D72546931E7EDC0F00E8E6FE /* Debug */ = {
			isa = XCBuildConfiguration;
			buildSettings = {
				ALWAYS_EMBED_SWIFT_STANDARD_LIBRARIES = YES;
				CODE_SIGN_ENTITLEMENTS = TodayRoutine/TodayRoutine.entitlements;
				DEVELOPMENT_TEAM = CYRHEAA262;
				FRAMEWORK_SEARCH_PATHS = (
					"$(inherited)",
					"$(PROJECT_DIR)/TodayRoutine",
					"$(PROJECT_DIR)",
				);
				INFOPLIST_FILE = TodayRoutine/Info.plist;
				IPHONEOS_DEPLOYMENT_TARGET = 10.0;
				LD_RUNPATH_SEARCH_PATHS = "$(inherited) @executable_path/Frameworks @executable_path/../Frameworks @executable_path/../../Frameworks";
				PRODUCT_BUNDLE_IDENTIFIER = com.mesird.Routine.TodayRoutine;
				PRODUCT_NAME = "$(TARGET_NAME)";
				SKIP_INSTALL = YES;
				SWIFT_VERSION = 3.0;
			};
			name = Debug;
		};
		D72546941E7EDC0F00E8E6FE /* Release */ = {
			isa = XCBuildConfiguration;
			buildSettings = {
				ALWAYS_EMBED_SWIFT_STANDARD_LIBRARIES = YES;
				CODE_SIGN_ENTITLEMENTS = TodayRoutine/TodayRoutine.entitlements;
				DEVELOPMENT_TEAM = CYRHEAA262;
				FRAMEWORK_SEARCH_PATHS = (
					"$(inherited)",
					"$(PROJECT_DIR)/TodayRoutine",
					"$(PROJECT_DIR)",
				);
				INFOPLIST_FILE = TodayRoutine/Info.plist;
				IPHONEOS_DEPLOYMENT_TARGET = 10.0;
				LD_RUNPATH_SEARCH_PATHS = "$(inherited) @executable_path/Frameworks @executable_path/../Frameworks @executable_path/../../Frameworks";
				PRODUCT_BUNDLE_IDENTIFIER = com.mesird.Routine.TodayRoutine;
				PRODUCT_NAME = "$(TARGET_NAME)";
				SKIP_INSTALL = YES;
				SWIFT_VERSION = 3.0;
			};
			name = Release;
		};
/* End XCBuildConfiguration section */

/* Begin XCConfigurationList section */
		D725465F1E7EB25C00E8E6FE /* Build configuration list for PBXProject "Routine" */ = {
			isa = XCConfigurationList;
			buildConfigurations = (
				D72546741E7EB25C00E8E6FE /* Debug */,
				D72546751E7EB25C00E8E6FE /* Release */,
			);
			defaultConfigurationIsVisible = 0;
			defaultConfigurationName = Release;
		};
		D72546761E7EB25C00E8E6FE /* Build configuration list for PBXNativeTarget "Routine" */ = {
			isa = XCConfigurationList;
			buildConfigurations = (
				D72546771E7EB25C00E8E6FE /* Debug */,
				D72546781E7EB25C00E8E6FE /* Release */,
			);
			defaultConfigurationIsVisible = 0;
			defaultConfigurationName = Release;
		};
		D72546921E7EDC0F00E8E6FE /* Build configuration list for PBXNativeTarget "TodayRoutine" */ = {
			isa = XCConfigurationList;
			buildConfigurations = (
				D72546931E7EDC0F00E8E6FE /* Debug */,
				D72546941E7EDC0F00E8E6FE /* Release */,
			);
			defaultConfigurationIsVisible = 0;
			defaultConfigurationName = Release;
		};
/* End XCConfigurationList section */
	};
	rootObject = D725465C1E7EB25C00E8E6FE /* Project object */;
}
